<?xml version="1.0" encoding="UTF-8" standalone="yes" ?>
<CodeBlocks_project_file>
	<FileVersion major="1" minor="6" />
	<Project>
		<Option title="lrn_c11spointers" />
		<Option pch_mode="2" />
		<Option compiler="bfin-elf-gcc" />
		<Build>
			<Target title="Debug">
				<Option output="bin/Debug/lrn_c11spointers" prefix_auto="1" extension_auto="1" />
				<Option object_output="obj/Debug/" />
				<Option type="1" />
				<Option compiler="gcc" />
				<Compiler>
					<Add option="-std=c11" />
					<Add directory="include" />
				</Compiler>
			</Target>
			<Target title="Release">
				<Option output="bin/Release/lrn_c11spointers" prefix_auto="1" extension_auto="1" />
				<Option object_output="obj/Release/" />
				<Option type="1" />
				<Option compiler="bfin-elf-gcc" />
				<Compiler>
					<Add directory="include" />
				</Compiler>
			</Target>
		</Build>
		<Unit filename="include/ctask.h" />
		<Unit filename="main.cpp" />
		<Unit filename="src/ctask.cpp" />
		<Extensions />
	</Project>
</CodeBlocks_project_file>
